// !$*UTF8*$!
{
	archiveVersion = 1;
	classes = {
	};
	objectVersion = 46;
	objects = {

/* Begin PBXBuildFile section */
		7A13BDA8183417E5006AF912 /* radiusfarms.png in Resources */ = {isa = PBXBuildFile; fileRef = 7A13BDA7183417E5006AF912 /* radiusfarms.png */; };
		7A176C1018315B5B007C5957 /* Foundation.framework in Frameworks */ = {isa = PBXBuildFile; fileRef = 7A176C0F18315B5B007C5957 /* Foundation.framework */; };
		7A176C1218315B5B007C5957 /* CoreGraphics.framework in Frameworks */ = {isa = PBXBuildFile; fileRef = 7A176C1118315B5B007C5957 /* CoreGraphics.framework */; };
		7A176C1418315B5B007C5957 /* UIKit.framework in Frameworks */ = {isa = PBXBuildFile; fileRef = 7A176C1318315B5B007C5957 /* UIKit.framework */; };
		7A176C1A18315B5B007C5957 /* InfoPlist.strings in Resources */ = {isa = PBXBuildFile; fileRef = 7A176C1818315B5B007C5957 /* InfoPlist.strings */; };
		7A176C1C18315B5B007C5957 /* main.m in Sources */ = {isa = PBXBuildFile; fileRef = 7A176C1B18315B5B007C5957 /* main.m */; };
		7A176C2B18315B5B007C5957 /* Images.xcassets in Resources */ = {isa = PBXBuildFile; fileRef = 7A176C2A18315B5B007C5957 /* Images.xcassets */; };
		7A176C3218315B5B007C5957 /* XCTest.framework in Frameworks */ = {isa = PBXBuildFile; fileRef = 7A176C3118315B5B007C5957 /* XCTest.framework */; };
		7A176C3318315B5B007C5957 /* Foundation.framework in Frameworks */ = {isa = PBXBuildFile; fileRef = 7A176C0F18315B5B007C5957 /* Foundation.framework */; };
		7A176C3418315B5B007C5957 /* UIKit.framework in Frameworks */ = {isa = PBXBuildFile; fileRef = 7A176C1318315B5B007C5957 /* UIKit.framework */; };
		7A176C3C18315B5B007C5957 /* InfoPlist.strings in Resources */ = {isa = PBXBuildFile; fileRef = 7A176C3A18315B5B007C5957 /* InfoPlist.strings */; };
		7A176C3E18315B5B007C5957 /* Radius_DemoTests.m in Sources */ = {isa = PBXBuildFile; fileRef = 7A176C3D18315B5B007C5957 /* Radius_DemoTests.m */; };
		7A176C5718315C1A007C5957 /* betterhomes.png in Resources */ = {isa = PBXBuildFile; fileRef = 7A176C4818315C1A007C5957 /* betterhomes.png */; };
		7A176C5818315C1A007C5957 /* century21.png in Resources */ = {isa = PBXBuildFile; fileRef = 7A176C4918315C1A007C5957 /* century21.png */; };
		7A176C5918315C1A007C5957 /* citihabitats.png in Resources */ = {isa = PBXBuildFile; fileRef = 7A176C4A18315C1A007C5957 /* citihabitats.png */; };
		7A176C5A18315C1A007C5957 /* coldwellbanker.png in Resources */ = {isa = PBXBuildFile; fileRef = 7A176C4B18315C1A007C5957 /* coldwellbanker.png */; };
		7A176C5B18315C1A007C5957 /* corcoran.png in Resources */ = {isa = PBXBuildFile; fileRef = 7A176C4C18315C1A007C5957 /* corcoran.png */; };
		7A176C5C18315C1A007C5957 /* era.png in Resources */ = {isa = PBXBuildFile; fileRef = 7A176C4D18315C1A007C5957 /* era.png */; };
		7A176C5D18315C1A007C5957 /* homefinder.png in Resources */ = {isa = PBXBuildFile; fileRef = 7A176C4E18315C1A007C5957 /* homefinder.png */; };
		7A176C5E18315C1A007C5957 /* kellerwilliams.png in Resources */ = {isa = PBXBuildFile; fileRef = 7A176C4F18315C1A007C5957 /* kellerwilliams.png */; };
		7A176C5F18315C1A007C5957 /* radiusrealty.png in Resources */ = {isa = PBXBuildFile; fileRef = 7A176C5018315C1A007C5957 /* radiusrealty.png */; };
		7A176C6018315C1A007C5957 /* realtorcom.png in Resources */ = {isa = PBXBuildFile; fileRef = 7A176C5118315C1A007C5957 /* realtorcom.png */; };
		7A176C6118315C1A007C5957 /* redfin.png in Resources */ = {isa = PBXBuildFile; fileRef = 7A176C5218315C1A007C5957 /* redfin.png */; };
		7A176C6218315C1A007C5957 /* remax.png in Resources */ = {isa = PBXBuildFile; fileRef = 7A176C5318315C1A007C5957 /* remax.png */; };
		7A176C6318315C1A007C5957 /* sothebys.png in Resources */ = {isa = PBXBuildFile; fileRef = 7A176C5418315C1A007C5957 /* sothebys.png */; };
		7A176C6418315C1A007C5957 /* trulia.png in Resources */ = {isa = PBXBuildFile; fileRef = 7A176C5518315C1A007C5957 /* trulia.png */; };
		7A176C6518315C1A007C5957 /* zillow.png in Resources */ = {isa = PBXBuildFile; fileRef = 7A176C5618315C1A007C5957 /* zillow.png */; };
		7A176C6718315C2A007C5957 /* Settings.bundle in Resources */ = {isa = PBXBuildFile; fileRef = 7A176C6618315C2A007C5957 /* Settings.bundle */; };
		7A176C6A18315C58007C5957 /* RNIWebViewController.m in Sources */ = {isa = PBXBuildFile; fileRef = 7A176C6918315C58007C5957 /* RNIWebViewController.m */; };
		7A176C7318315E08007C5957 /* RNIAppDelegate.m in Sources */ = {isa = PBXBuildFile; fileRef = 7A176C7018315E08007C5957 /* RNIAppDelegate.m */; };
		7A176C7418315E08007C5957 /* RNIViewController.m in Sources */ = {isa = PBXBuildFile; fileRef = 7A176C7218315E08007C5957 /* RNIViewController.m */; };
		7A176C76183160DA007C5957 /* ProximityKit.plist in Resources */ = {isa = PBXBuildFile; fileRef = 7A176C75183160DA007C5957 /* ProximityKit.plist */; };
		7A176C7A18316D84007C5957 /* Main_iPhone.storyboard in Resources */ = {isa = PBXBuildFile; fileRef = 7A176C7818316D84007C5957 /* Main_iPhone.storyboard */; };
		7A176C7D18316EB2007C5957 /* RNIImageViewController.m in Sources */ = {isa = PBXBuildFile; fileRef = 7A176C7C18316EB2007C5957 /* RNIImageViewController.m */; };
		7A176C801831724E007C5957 /* amtrak_offer.png in Resources */ = {isa = PBXBuildFile; fileRef = 7A176C7F1831724E007C5957 /* amtrak_offer.png */; };
		7A176C82183178D2007C5957 /* amtrak.png in Resources */ = {isa = PBXBuildFile; fileRef = 7A176C81183178D2007C5957 /* amtrak.png */; };
		7A1B3CF618610AB600BEC5EB /* ProximityKit.framework in Frameworks */ = {isa = PBXBuildFile; fileRef = 7A1B3CF518610AB600BEC5EB /* ProximityKit.framework */; };
		7A1D4BD5185239D100516015 /* aarp.png in Resources */ = {isa = PBXBuildFile; fileRef = 7A1D4BD4185239D100516015 /* aarp.png */; };
		7A1D4BD9185246F900516015 /* aarp_offer.png in Resources */ = {isa = PBXBuildFile; fileRef = 7A1D4BD8185246F900516015 /* aarp_offer.png */; };
		7AD4D1B61833D773000FF719 /* radiusfarms_offer.png in Resources */ = {isa = PBXBuildFile; fileRef = 7AD4D1B51833D773000FF719 /* radiusfarms_offer.png */; };
/* End PBXBuildFile section */

/* Begin PBXContainerItemProxy section */
		7A176C3518315B5B007C5957 /* PBXContainerItemProxy */ = {
			isa = PBXContainerItemProxy;
			containerPortal = 7A176C0418315B5B007C5957 /* Project object */;
			proxyType = 1;
			remoteGlobalIDString = 7A176C0B18315B5B007C5957;
			remoteInfo = "Radius Demo";
		};
/* End PBXContainerItemProxy section */

/* Begin PBXFileReference section */
		7A13BDA7183417E5006AF912 /* radiusfarms.png */ = {isa = PBXFileReference; lastKnownFileType = image.png; path = radiusfarms.png; sourceTree = "<group>"; };
		7A176C0C18315B5B007C5957 /* Radius Demo.app */ = {isa = PBXFileReference; explicitFileType = wrapper.application; includeInIndex = 0; path = "Radius Demo.app"; sourceTree = BUILT_PRODUCTS_DIR; };
		7A176C0F18315B5B007C5957 /* Foundation.framework */ = {isa = PBXFileReference; lastKnownFileType = wrapper.framework; name = Foundation.framework; path = System/Library/Frameworks/Foundation.framework; sourceTree = SDKROOT; };
		7A176C1118315B5B007C5957 /* CoreGraphics.framework */ = {isa = PBXFileReference; lastKnownFileType = wrapper.framework; name = CoreGraphics.framework; path = System/Library/Frameworks/CoreGraphics.framework; sourceTree = SDKROOT; };
		7A176C1318315B5B007C5957 /* UIKit.framework */ = {isa = PBXFileReference; lastKnownFileType = wrapper.framework; name = UIKit.framework; path = System/Library/Frameworks/UIKit.framework; sourceTree = SDKROOT; };
		7A176C1718315B5B007C5957 /* Radius Demo-Info.plist */ = {isa = PBXFileReference; lastKnownFileType = text.plist.xml; path = "Radius Demo-Info.plist"; sourceTree = "<group>"; };
		7A176C1918315B5B007C5957 /* en */ = {isa = PBXFileReference; lastKnownFileType = text.plist.strings; name = en; path = en.lproj/InfoPlist.strings; sourceTree = "<group>"; };
		7A176C1B18315B5B007C5957 /* main.m */ = {isa = PBXFileReference; lastKnownFileType = sourcecode.c.objc; path = main.m; sourceTree = "<group>"; };
		7A176C1D18315B5B007C5957 /* Radius Demo-Prefix.pch */ = {isa = PBXFileReference; lastKnownFileType = sourcecode.c.h; path = "Radius Demo-Prefix.pch"; sourceTree = "<group>"; };
		7A176C2A18315B5B007C5957 /* Images.xcassets */ = {isa = PBXFileReference; lastKnownFileType = folder.assetcatalog; path = Images.xcassets; sourceTree = "<group>"; };
		7A176C3018315B5B007C5957 /* Radius DemoTests.xctest */ = {isa = PBXFileReference; explicitFileType = wrapper.cfbundle; includeInIndex = 0; path = "Radius DemoTests.xctest"; sourceTree = BUILT_PRODUCTS_DIR; };
		7A176C3118315B5B007C5957 /* XCTest.framework */ = {isa = PBXFileReference; lastKnownFileType = wrapper.framework; name = XCTest.framework; path = Library/Frameworks/XCTest.framework; sourceTree = DEVELOPER_DIR; };
		7A176C3918315B5B007C5957 /* Radius DemoTests-Info.plist */ = {isa = PBXFileReference; lastKnownFileType = text.plist.xml; path = "Radius DemoTests-Info.plist"; sourceTree = "<group>"; };
		7A176C3B18315B5B007C5957 /* en */ = {isa = PBXFileReference; lastKnownFileType = text.plist.strings; name = en; path = en.lproj/InfoPlist.strings; sourceTree = "<group>"; };
		7A176C3D18315B5B007C5957 /* Radius_DemoTests.m */ = {isa = PBXFileReference; lastKnownFileType = sourcecode.c.objc; path = Radius_DemoTests.m; sourceTree = "<group>"; };
		7A176C4818315C1A007C5957 /* betterhomes.png */ = {isa = PBXFileReference; lastKnownFileType = image.png; path = betterhomes.png; sourceTree = "<group>"; };
		7A176C4918315C1A007C5957 /* century21.png */ = {isa = PBXFileReference; lastKnownFileType = image.png; path = century21.png; sourceTree = "<group>"; };
		7A176C4A18315C1A007C5957 /* citihabitats.png */ = {isa = PBXFileReference; lastKnownFileType = image.png; path = citihabitats.png; sourceTree = "<group>"; };
		7A176C4B18315C1A007C5957 /* coldwellbanker.png */ = {isa = PBXFileReference; lastKnownFileType = image.png; path = coldwellbanker.png; sourceTree = "<group>"; };
		7A176C4C18315C1A007C5957 /* corcoran.png */ = {isa = PBXFileReference; lastKnownFileType = image.png; path = corcoran.png; sourceTree = "<group>"; };
		7A176C4D18315C1A007C5957 /* era.png */ = {isa = PBXFileReference; lastKnownFileType = image.png; path = era.png; sourceTree = "<group>"; };
		7A176C4E18315C1A007C5957 /* homefinder.png */ = {isa = PBXFileReference; lastKnownFileType = image.png; path = homefinder.png; sourceTree = "<group>"; };
		7A176C4F18315C1A007C5957 /* kellerwilliams.png */ = {isa = PBXFileReference; lastKnownFileType = image.png; path = kellerwilliams.png; sourceTree = "<group>"; };
		7A176C5018315C1A007C5957 /* radiusrealty.png */ = {isa = PBXFileReference; lastKnownFileType = image.png; path = radiusrealty.png; sourceTree = "<group>"; };
		7A176C5118315C1A007C5957 /* realtorcom.png */ = {isa = PBXFileReference; lastKnownFileType = image.png; path = realtorcom.png; sourceTree = "<group>"; };
		7A176C5218315C1A007C5957 /* redfin.png */ = {isa = PBXFileReference; lastKnownFileType = image.png; path = redfin.png; sourceTree = "<group>"; };
		7A176C5318315C1A007C5957 /* remax.png */ = {isa = PBXFileReference; lastKnownFileType = image.png; path = remax.png; sourceTree = "<group>"; };
		7A176C5418315C1A007C5957 /* sothebys.png */ = {isa = PBXFileReference; lastKnownFileType = image.png; path = sothebys.png; sourceTree = "<group>"; };
		7A176C5518315C1A007C5957 /* trulia.png */ = {isa = PBXFileReference; lastKnownFileType = image.png; path = trulia.png; sourceTree = "<group>"; };
		7A176C5618315C1A007C5957 /* zillow.png */ = {isa = PBXFileReference; lastKnownFileType = image.png; path = zillow.png; sourceTree = "<group>"; };
		7A176C6618315C2A007C5957 /* Settings.bundle */ = {isa = PBXFileReference; lastKnownFileType = "wrapper.plug-in"; path = Settings.bundle; sourceTree = "<group>"; };
		7A176C6818315C58007C5957 /* RNIWebViewController.h */ = {isa = PBXFileReference; fileEncoding = 4; lastKnownFileType = sourcecode.c.h; path = RNIWebViewController.h; sourceTree = "<group>"; };
		7A176C6918315C58007C5957 /* RNIWebViewController.m */ = {isa = PBXFileReference; fileEncoding = 4; lastKnownFileType = sourcecode.c.objc; path = RNIWebViewController.m; sourceTree = "<group>"; };
		7A176C6F18315E08007C5957 /* RNIAppDelegate.h */ = {isa = PBXFileReference; fileEncoding = 4; lastKnownFileType = sourcecode.c.h; path = RNIAppDelegate.h; sourceTree = "<group>"; };
		7A176C7018315E08007C5957 /* RNIAppDelegate.m */ = {isa = PBXFileReference; fileEncoding = 4; lastKnownFileType = sourcecode.c.objc; path = RNIAppDelegate.m; sourceTree = "<group>"; };
		7A176C7118315E08007C5957 /* RNIViewController.h */ = {isa = PBXFileReference; fileEncoding = 4; lastKnownFileType = sourcecode.c.h; path = RNIViewController.h; sourceTree = "<group>"; };
		7A176C7218315E08007C5957 /* RNIViewController.m */ = {isa = PBXFileReference; fileEncoding = 4; lastKnownFileType = sourcecode.c.objc; path = RNIViewController.m; sourceTree = "<group>"; };
		7A176C75183160DA007C5957 /* ProximityKit.plist */ = {isa = PBXFileReference; fileEncoding = 4; lastKnownFileType = text.plist.xml; path = ProximityKit.plist; sourceTree = "<group>"; };
		7A176C7918316D84007C5957 /* Base */ = {isa = PBXFileReference; lastKnownFileType = file.storyboard; name = Base; path = Base.lproj/Main_iPhone.storyboard; sourceTree = "<group>"; };
		7A176C7B18316EB2007C5957 /* RNIImageViewController.h */ = {isa = PBXFileReference; fileEncoding = 4; lastKnownFileType = sourcecode.c.h; path = RNIImageViewController.h; sourceTree = "<group>"; };
		7A176C7C18316EB2007C5957 /* RNIImageViewController.m */ = {isa = PBXFileReference; fileEncoding = 4; lastKnownFileType = sourcecode.c.objc; path = RNIImageViewController.m; sourceTree = "<group>"; };
		7A176C7F1831724E007C5957 /* amtrak_offer.png */ = {isa = PBXFileReference; lastKnownFileType = image.png; path = amtrak_offer.png; sourceTree = "<group>"; };
		7A176C81183178D2007C5957 /* amtrak.png */ = {isa = PBXFileReference; lastKnownFileType = image.png; path = amtrak.png; sourceTree = "<group>"; };
		7A1B3CF518610AB600BEC5EB /* ProximityKit.framework */ = {isa = PBXFileReference; lastKnownFileType = wrapper.framework; path = ProximityKit.framework; sourceTree = "<group>"; };
		7A1D4BD4185239D100516015 /* aarp.png */ = {isa = PBXFileReference; lastKnownFileType = image.png; path = aarp.png; sourceTree = "<group>"; };
		7A1D4BD8185246F900516015 /* aarp_offer.png */ = {isa = PBXFileReference; lastKnownFileType = image.png; path = aarp_offer.png; sourceTree = "<group>"; };
		7AD4D1B51833D773000FF719 /* radiusfarms_offer.png */ = {isa = PBXFileReference; lastKnownFileType = image.png; path = radiusfarms_offer.png; sourceTree = "<group>"; };
/* End PBXFileReference section */

/* Begin PBXFrameworksBuildPhase section */
		7A176C0918315B5B007C5957 /* Frameworks */ = {
			isa = PBXFrameworksBuildPhase;
			buildActionMask = 2147483647;
			files = (
				7A176C1218315B5B007C5957 /* CoreGraphics.framework in Frameworks */,
				7A176C1418315B5B007C5957 /* UIKit.framework in Frameworks */,
				7A176C1018315B5B007C5957 /* Foundation.framework in Frameworks */,
				7A1B3CF618610AB600BEC5EB /* ProximityKit.framework in Frameworks */,
			);
			runOnlyForDeploymentPostprocessing = 0;
		};
		7A176C2D18315B5B007C5957 /* Frameworks */ = {
			isa = PBXFrameworksBuildPhase;
			buildActionMask = 2147483647;
			files = (
				7A176C3218315B5B007C5957 /* XCTest.framework in Frameworks */,
				7A176C3418315B5B007C5957 /* UIKit.framework in Frameworks */,
				7A176C3318315B5B007C5957 /* Foundation.framework in Frameworks */,
			);
			runOnlyForDeploymentPostprocessing = 0;
		};
/* End PBXFrameworksBuildPhase section */

/* Begin PBXGroup section */
		7A176C0318315B5B007C5957 = {
			isa = PBXGroup;
			children = (
				7A176C1518315B5B007C5957 /* Radius Demo */,
				7A176C3718315B5B007C5957 /* Radius DemoTests */,
				7A176C0E18315B5B007C5957 /* Frameworks */,
				7A176C0D18315B5B007C5957 /* Products */,
			);
			sourceTree = "<group>";
		};
		7A176C0D18315B5B007C5957 /* Products */ = {
			isa = PBXGroup;
			children = (
				7A176C0C18315B5B007C5957 /* Radius Demo.app */,
				7A176C3018315B5B007C5957 /* Radius DemoTests.xctest */,
			);
			name = Products;
			sourceTree = "<group>";
		};
		7A176C0E18315B5B007C5957 /* Frameworks */ = {
			isa = PBXGroup;
			children = (
				7A1B3CF518610AB600BEC5EB /* ProximityKit.framework */,
				7A176C0F18315B5B007C5957 /* Foundation.framework */,
				7A176C1118315B5B007C5957 /* CoreGraphics.framework */,
				7A176C1318315B5B007C5957 /* UIKit.framework */,
				7A176C3118315B5B007C5957 /* XCTest.framework */,
			);
			name = Frameworks;
			sourceTree = "<group>";
		};
		7A176C1518315B5B007C5957 /* Radius Demo */ = {
			isa = PBXGroup;
			children = (
				7A176C6F18315E08007C5957 /* RNIAppDelegate.h */,
				7A176C7018315E08007C5957 /* RNIAppDelegate.m */,
				7A176C7118315E08007C5957 /* RNIViewController.h */,
				7A176C7218315E08007C5957 /* RNIViewController.m */,
				7A176C6818315C58007C5957 /* RNIWebViewController.h */,
				7A176C6918315C58007C5957 /* RNIWebViewController.m */,
				7A176C7818316D84007C5957 /* Main_iPhone.storyboard */,
				7A176C6618315C2A007C5957 /* Settings.bundle */,
				7A176C4718315C1A007C5957 /* RootViewImages */,
				7A176C7E1831724E007C5957 /* EngagementImages */,
				7A176C2A18315B5B007C5957 /* Images.xcassets */,
				7A176C75183160DA007C5957 /* ProximityKit.plist */,
				7A176C1618315B5B007C5957 /* Supporting Files */,
				7A176C7B18316EB2007C5957 /* RNIImageViewController.h */,
				7A176C7C18316EB2007C5957 /* RNIImageViewController.m */,
			);
			path = "Radius Demo";
			sourceTree = "<group>";
		};
		7A176C1618315B5B007C5957 /* Supporting Files */ = {
			isa = PBXGroup;
			children = (
				7A176C1718315B5B007C5957 /* Radius Demo-Info.plist */,
				7A176C1818315B5B007C5957 /* InfoPlist.strings */,
				7A176C1B18315B5B007C5957 /* main.m */,
				7A176C1D18315B5B007C5957 /* Radius Demo-Prefix.pch */,
			);
			name = "Supporting Files";
			sourceTree = "<group>";
		};
		7A176C3718315B5B007C5957 /* Radius DemoTests */ = {
			isa = PBXGroup;
			children = (
				7A176C3D18315B5B007C5957 /* Radius_DemoTests.m */,
				7A176C3818315B5B007C5957 /* Supporting Files */,
			);
			path = "Radius DemoTests";
			sourceTree = "<group>";
		};
		7A176C3818315B5B007C5957 /* Supporting Files */ = {
			isa = PBXGroup;
			children = (
				7A176C3918315B5B007C5957 /* Radius DemoTests-Info.plist */,
				7A176C3A18315B5B007C5957 /* InfoPlist.strings */,
			);
			name = "Supporting Files";
			sourceTree = "<group>";
		};
		7A176C4718315C1A007C5957 /* RootViewImages */ = {
			isa = PBXGroup;
			children = (
				7A13BDA7183417E5006AF912 /* radiusfarms.png */,
				7A1D4BD4185239D100516015 /* aarp.png */,
				7A176C81183178D2007C5957 /* amtrak.png */,
				7A176C4818315C1A007C5957 /* betterhomes.png */,
				7A176C4918315C1A007C5957 /* century21.png */,
				7A176C4A18315C1A007C5957 /* citihabitats.png */,
				7A176C4B18315C1A007C5957 /* coldwellbanker.png */,
				7A176C4C18315C1A007C5957 /* corcoran.png */,
				7A176C4D18315C1A007C5957 /* era.png */,
				7A176C4E18315C1A007C5957 /* homefinder.png */,
				7A176C4F18315C1A007C5957 /* kellerwilliams.png */,
				7A176C5018315C1A007C5957 /* radiusrealty.png */,
				7A176C5118315C1A007C5957 /* realtorcom.png */,
				7A176C5218315C1A007C5957 /* redfin.png */,
				7A176C5318315C1A007C5957 /* remax.png */,
				7A176C5418315C1A007C5957 /* sothebys.png */,
				7A176C5518315C1A007C5957 /* trulia.png */,
				7A176C5618315C1A007C5957 /* zillow.png */,
			);
			path = RootViewImages;
			sourceTree = "<group>";
		};
		7A176C7E1831724E007C5957 /* EngagementImages */ = {
			isa = PBXGroup;
			children = (
				7A1D4BD8185246F900516015 /* aarp_offer.png */,
				7AD4D1B51833D773000FF719 /* radiusfarms_offer.png */,
				7A176C7F1831724E007C5957 /* amtrak_offer.png */,
			);
			path = EngagementImages;
			sourceTree = "<group>";
		};
/* End PBXGroup section */

/* Begin PBXNativeTarget section */
		7A176C0B18315B5B007C5957 /* Radius Demo */ = {
			isa = PBXNativeTarget;
			buildConfigurationList = 7A176C4118315B5B007C5957 /* Build configuration list for PBXNativeTarget "Radius Demo" */;
			buildPhases = (
				7A176C0818315B5B007C5957 /* Sources */,
				7A176C0918315B5B007C5957 /* Frameworks */,
				7A176C0A18315B5B007C5957 /* Resources */,
			);
			buildRules = (
			);
			dependencies = (
			);
			name = "Radius Demo";
			productName = "Radius Demo";
			productReference = 7A176C0C18315B5B007C5957 /* Radius Demo.app */;
			productType = "com.apple.product-type.application";
		};
		7A176C2F18315B5B007C5957 /* Radius DemoTests */ = {
			isa = PBXNativeTarget;
			buildConfigurationList = 7A176C4418315B5B007C5957 /* Build configuration list for PBXNativeTarget "Radius DemoTests" */;
			buildPhases = (
				7A176C2C18315B5B007C5957 /* Sources */,
				7A176C2D18315B5B007C5957 /* Frameworks */,
				7A176C2E18315B5B007C5957 /* Resources */,
			);
			buildRules = (
			);
			dependencies = (
				7A176C3618315B5B007C5957 /* PBXTargetDependency */,
			);
			name = "Radius DemoTests";
			productName = "Radius DemoTests";
			productReference = 7A176C3018315B5B007C5957 /* Radius DemoTests.xctest */;
			productType = "com.apple.product-type.bundle.unit-test";
		};
/* End PBXNativeTarget section */

/* Begin PBXProject section */
		7A176C0418315B5B007C5957 /* Project object */ = {
			isa = PBXProject;
			attributes = {
				CLASSPREFIX = RNI;
				LastUpgradeCheck = 0500;
				ORGANIZATIONNAME = "Radius Networks";
				TargetAttributes = {
					7A176C0B18315B5B007C5957 = {
						DevelopmentTeam = 2Z2S6NCD7P;
					};
					7A176C2F18315B5B007C5957 = {
						TestTargetID = 7A176C0B18315B5B007C5957;
					};
				};
			};
			buildConfigurationList = 7A176C0718315B5B007C5957 /* Build configuration list for PBXProject "Radius Demo" */;
			compatibilityVersion = "Xcode 3.2";
			developmentRegion = English;
			hasScannedForEncodings = 0;
			knownRegions = (
				en,
				Base,
			);
			mainGroup = 7A176C0318315B5B007C5957;
			productRefGroup = 7A176C0D18315B5B007C5957 /* Products */;
			projectDirPath = "";
			projectRoot = "";
			targets = (
				7A176C0B18315B5B007C5957 /* Radius Demo */,
				7A176C2F18315B5B007C5957 /* Radius DemoTests */,
			);
		};
/* End PBXProject section */

/* Begin PBXResourcesBuildPhase section */
		7A176C0A18315B5B007C5957 /* Resources */ = {
			isa = PBXResourcesBuildPhase;
			buildActionMask = 2147483647;
			files = (
				7A1D4BD9185246F900516015 /* aarp_offer.png in Resources */,
				7A176C6118315C1A007C5957 /* redfin.png in Resources */,
				7A176C82183178D2007C5957 /* amtrak.png in Resources */,
				7A176C5718315C1A007C5957 /* betterhomes.png in Resources */,
				7A176C5F18315C1A007C5957 /* radiusrealty.png in Resources */,
				7A176C6318315C1A007C5957 /* sothebys.png in Resources */,
				7A176C5818315C1A007C5957 /* century21.png in Resources */,
				7A1D4BD5185239D100516015 /* aarp.png in Resources */,
				7A176C6018315C1A007C5957 /* realtorcom.png in Resources */,
				7A176C6518315C1A007C5957 /* zillow.png in Resources */,
				7A176C5E18315C1A007C5957 /* kellerwilliams.png in Resources */,
				7A176C5D18315C1A007C5957 /* homefinder.png in Resources */,
				7A176C5C18315C1A007C5957 /* era.png in Resources */,
				7AD4D1B61833D773000FF719 /* radiusfarms_offer.png in Resources */,
				7A176C6418315C1A007C5957 /* trulia.png in Resources */,
				7A176C6718315C2A007C5957 /* Settings.bundle in Resources */,
				7A176C7A18316D84007C5957 /* Main_iPhone.storyboard in Resources */,
				7A176C801831724E007C5957 /* amtrak_offer.png in Resources */,
				7A176C6218315C1A007C5957 /* remax.png in Resources */,
				7A176C5918315C1A007C5957 /* citihabitats.png in Resources */,
				7A176C2B18315B5B007C5957 /* Images.xcassets in Resources */,
				7A13BDA8183417E5006AF912 /* radiusfarms.png in Resources */,
				7A176C5B18315C1A007C5957 /* corcoran.png in Resources */,
				7A176C5A18315C1A007C5957 /* coldwellbanker.png in Resources */,
				7A176C76183160DA007C5957 /* ProximityKit.plist in Resources */,
				7A176C1A18315B5B007C5957 /* InfoPlist.strings in Resources */,
			);
			runOnlyForDeploymentPostprocessing = 0;
		};
		7A176C2E18315B5B007C5957 /* Resources */ = {
			isa = PBXResourcesBuildPhase;
			buildActionMask = 2147483647;
			files = (
				7A176C3C18315B5B007C5957 /* InfoPlist.strings in Resources */,
			);
			runOnlyForDeploymentPostprocessing = 0;
		};
/* End PBXResourcesBuildPhase section */

/* Begin PBXSourcesBuildPhase section */
		7A176C0818315B5B007C5957 /* Sources */ = {
			isa = PBXSourcesBuildPhase;
			buildActionMask = 2147483647;
			files = (
				7A176C1C18315B5B007C5957 /* main.m in Sources */,
				7A176C6A18315C58007C5957 /* RNIWebViewController.m in Sources */,
				7A176C7418315E08007C5957 /* RNIViewController.m in Sources */,
				7A176C7318315E08007C5957 /* RNIAppDelegate.m in Sources */,
				7A176C7D18316EB2007C5957 /* RNIImageViewController.m in Sources */,
			);
			runOnlyForDeploymentPostprocessing = 0;
		};
		7A176C2C18315B5B007C5957 /* Sources */ = {
			isa = PBXSourcesBuildPhase;
			buildActionMask = 2147483647;
			files = (
				7A176C3E18315B5B007C5957 /* Radius_DemoTests.m in Sources */,
			);
			runOnlyForDeploymentPostprocessing = 0;
		};
/* End PBXSourcesBuildPhase section */

/* Begin PBXTargetDependency section */
		7A176C3618315B5B007C5957 /* PBXTargetDependency */ = {
			isa = PBXTargetDependency;
			target = 7A176C0B18315B5B007C5957 /* Radius Demo */;
			targetProxy = 7A176C3518315B5B007C5957 /* PBXContainerItemProxy */;
		};
/* End PBXTargetDependency section */

/* Begin PBXVariantGroup section */
		7A176C1818315B5B007C5957 /* InfoPlist.strings */ = {
			isa = PBXVariantGroup;
			children = (
				7A176C1918315B5B007C5957 /* en */,
			);
			name = InfoPlist.strings;
			sourceTree = "<group>";
		};
		7A176C3A18315B5B007C5957 /* InfoPlist.strings */ = {
			isa = PBXVariantGroup;
			children = (
				7A176C3B18315B5B007C5957 /* en */,
			);
			name = InfoPlist.strings;
			sourceTree = "<group>";
		};
		7A176C7818316D84007C5957 /* Main_iPhone.storyboard */ = {
			isa = PBXVariantGroup;
			children = (
				7A176C7918316D84007C5957 /* Base */,
			);
			name = Main_iPhone.storyboard;
			sourceTree = "<group>";
		};
/* End PBXVariantGroup section */

/* Begin XCBuildConfiguration section */
		7A176C3F18315B5B007C5957 /* Debug */ = {
			isa = XCBuildConfiguration;
			buildSettings = {
				ALWAYS_SEARCH_USER_PATHS = NO;
				ARCHS = "$(ARCHS_STANDARD_INCLUDING_64_BIT)";
				CLANG_CXX_LANGUAGE_STANDARD = "gnu++0x";
				CLANG_CXX_LIBRARY = "libc++";
				CLANG_ENABLE_MODULES = YES;
				CLANG_ENABLE_OBJC_ARC = YES;
				CLANG_WARN_BOOL_CONVERSION = YES;
				CLANG_WARN_CONSTANT_CONVERSION = YES;
				CLANG_WARN_DIRECT_OBJC_ISA_USAGE = YES_ERROR;
				CLANG_WARN_EMPTY_BODY = YES;
				CLANG_WARN_ENUM_CONVERSION = YES;
				CLANG_WARN_INT_CONVERSION = YES;
				CLANG_WARN_OBJC_ROOT_CLASS = YES_ERROR;
				CLANG_WARN__DUPLICATE_METHOD_MATCH = YES;
				"CODE_SIGN_IDENTITY[sdk=iphoneos*]" = "iPhone Developer";
				COPY_PHASE_STRIP = NO;
				GCC_C_LANGUAGE_STANDARD = gnu99;
				GCC_DYNAMIC_NO_PIC = NO;
				GCC_OPTIMIZATION_LEVEL = 0;
				GCC_PREPROCESSOR_DEFINITIONS = (
					"DEBUG=1",
					"$(inherited)",
				);
				GCC_SYMBOLS_PRIVATE_EXTERN = NO;
				GCC_WARN_64_TO_32_BIT_CONVERSION = YES;
				GCC_WARN_ABOUT_RETURN_TYPE = YES_ERROR;
				GCC_WARN_UNDECLARED_SELECTOR = YES;
				GCC_WARN_UNINITIALIZED_AUTOS = YES;
				GCC_WARN_UNUSED_FUNCTION = YES;
				GCC_WARN_UNUSED_VARIABLE = YES;
				IPHONEOS_DEPLOYMENT_TARGET = 7.0;
				ONLY_ACTIVE_ARCH = YES;
				SDKROOT = iphoneos;
				TARGETED_DEVICE_FAMILY = "1,2";
			};
			name = Debug;
		};
		7A176C4018315B5B007C5957 /* Release */ = {
			isa = XCBuildConfiguration;
			buildSettings = {
				ALWAYS_SEARCH_USER_PATHS = NO;
				ARCHS = "$(ARCHS_STANDARD_INCLUDING_64_BIT)";
				CLANG_CXX_LANGUAGE_STANDARD = "gnu++0x";
				CLANG_CXX_LIBRARY = "libc++";
				CLANG_ENABLE_MODULES = YES;
				CLANG_ENABLE_OBJC_ARC = YES;
				CLANG_WARN_BOOL_CONVERSION = YES;
				CLANG_WARN_CONSTANT_CONVERSION = YES;
				CLANG_WARN_DIRECT_OBJC_ISA_USAGE = YES_ERROR;
				CLANG_WARN_EMPTY_BODY = YES;
				CLANG_WARN_ENUM_CONVERSION = YES;
				CLANG_WARN_INT_CONVERSION = YES;
				CLANG_WARN_OBJC_ROOT_CLASS = YES_ERROR;
				CLANG_WARN__DUPLICATE_METHOD_MATCH = YES;
				"CODE_SIGN_IDENTITY[sdk=iphoneos*]" = "iPhone Developer";
				COPY_PHASE_STRIP = YES;
				ENABLE_NS_ASSERTIONS = NO;
				GCC_C_LANGUAGE_STANDARD = gnu99;
				GCC_WARN_64_TO_32_BIT_CONVERSION = YES;
				GCC_WARN_ABOUT_RETURN_TYPE = YES_ERROR;
				GCC_WARN_UNDECLARED_SELECTOR = YES;
				GCC_WARN_UNINITIALIZED_AUTOS = YES;
				GCC_WARN_UNUSED_FUNCTION = YES;
				GCC_WARN_UNUSED_VARIABLE = YES;
				IPHONEOS_DEPLOYMENT_TARGET = 7.0;
				SDKROOT = iphoneos;
				TARGETED_DEVICE_FAMILY = "1,2";
				VALIDATE_PRODUCT = YES;
			};
			name = Release;
		};
		7A176C4218315B5B007C5957 /* Debug */ = {
			isa = XCBuildConfiguration;
			buildSettings = {
				ASSETCATALOG_COMPILER_APPICON_NAME = AppIcon;
				ASSETCATALOG_COMPILER_LAUNCHIMAGE_NAME = LaunchImage;
				CODE_SIGN_IDENTITY = "iPhone Developer";
				"CODE_SIGN_IDENTITY[sdk=iphoneos*]" = "iPhone Developer";
				FRAMEWORK_SEARCH_PATHS = (
					"$(inherited)",
					"/Volumes/HDD/RealDocs/Development/Radius\\ Demo",
				);
				GCC_PRECOMPILE_PREFIX_HEADER = YES;
				GCC_PREFIX_HEADER = "Radius Demo/Radius Demo-Prefix.pch";
				INFOPLIST_FILE = "Radius Demo/Radius Demo-Info.plist";
				PRODUCT_NAME = "$(TARGET_NAME)";
				PROVISIONING_PROFILE = "";
				TARGETED_DEVICE_FAMILY = 1;
				WRAPPER_EXTENSION = app;
			};
			name = Debug;
		};
		7A176C4318315B5B007C5957 /* Release */ = {
			isa = XCBuildConfiguration;
			buildSettings = {
				ASSETCATALOG_COMPILER_APPICON_NAME = AppIcon;
				ASSETCATALOG_COMPILER_LAUNCHIMAGE_NAME = LaunchImage;
				CODE_SIGN_IDENTITY = "iPhone Developer";
				"CODE_SIGN_IDENTITY[sdk=iphoneos*]" = "iPhone Developer";
				FRAMEWORK_SEARCH_PATHS = (
					"$(inherited)",
					"/Volumes/HDD/RealDocs/Development/Radius\\ Demo",
				);
				GCC_PRECOMPILE_PREFIX_HEADER = YES;
				GCC_PREFIX_HEADER = "Radius Demo/Radius Demo-Prefix.pch";
				INFOPLIST_FILE = "Radius Demo/Radius Demo-Info.plist";
				PRODUCT_NAME = "$(TARGET_NAME)";
				PROVISIONING_PROFILE = "";
				TARGETED_DEVICE_FAMILY = 1;
				WRAPPER_EXTENSION = app;
			};
			name = Release;
		};
		7A176C4518315B5B007C5957 /* Debug */ = {
			isa = XCBuildConfiguration;
			buildSettings = {
				ARCHS = "$(ARCHS_STANDARD_INCLUDING_64_BIT)";
				BUNDLE_LOADER = "$(BUILT_PRODUCTS_DIR)/Radius Demo.app/Radius Demo";
				FRAMEWORK_SEARCH_PATHS = (
					"$(SDKROOT)/Developer/Library/Frameworks",
					"$(inherited)",
					"$(DEVELOPER_FRAMEWORKS_DIR)",
				);
				GCC_PRECOMPILE_PREFIX_HEADER = YES;
				GCC_PREFIX_HEADER = "Radius Demo/Radius Demo-Prefix.pch";
				GCC_PREPROCESSOR_DEFINITIONS = (
					"DEBUG=1",
					"$(inherited)",
				);
				INFOPLIST_FILE = "Radius DemoTests/Radius DemoTests-Info.plist";
				PRODUCT_NAME = "$(TARGET_NAME)";
				TEST_HOST = "$(BUNDLE_LOADER)";
				WRAPPER_EXTENSION = xctest;
			};
			name = Debug;
		};
		7A176C4618315B5B007C5957 /* Release */ = {
			isa = XCBuildConfiguration;
			buildSettings = {
				ARCHS = "$(ARCHS_STANDARD_INCLUDING_64_BIT)";
				BUNDLE_LOADER = "$(BUILT_PRODUCTS_DIR)/Radius Demo.app/Radius Demo";
				FRAMEWORK_SEARCH_PATHS = (
					"$(SDKROOT)/Developer/Library/Frameworks",
					"$(inherited)",
					"$(DEVELOPER_FRAMEWORKS_DIR)",
				);
				GCC_PRECOMPILE_PREFIX_HEADER = YES;
				GCC_PREFIX_HEADER = "Radius Demo/Radius Demo-Prefix.pch";
				INFOPLIST_FILE = "Radius DemoTests/Radius DemoTests-Info.plist";
				PRODUCT_NAME = "$(TARGET_NAME)";
				TEST_HOST = "$(BUNDLE_LOADER)";
				WRAPPER_EXTENSION = xctest;
			};
			name = Release;
		};
/* End XCBuildConfiguration section */

/* Begin XCConfigurationList section */
		7A176C0718315B5B007C5957 /* Build configuration list for PBXProject "Radius Demo" */ = {
			isa = XCConfigurationList;
			buildConfigurations = (
				7A176C3F18315B5B007C5957 /* Debug */,
				7A176C4018315B5B007C5957 /* Release */,
			);
			defaultConfigurationIsVisible = 0;
			defaultConfigurationName = Release;
		};
		7A176C4118315B5B007C5957 /* Build configuration list for PBXNativeTarget "Radius Demo" */ = {
			isa = XCConfigurationList;
			buildConfigurations = (
				7A176C4218315B5B007C5957 /* Debug */,
				7A176C4318315B5B007C5957 /* Release */,
			);
			defaultConfigurationIsVisible = 0;
			defaultConfigurationName = Release;
		};
		7A176C4418315B5B007C5957 /* Build configuration list for PBXNativeTarget "Radius DemoTests" */ = {
			isa = XCConfigurationList;
			buildConfigurations = (
				7A176C4518315B5B007C5957 /* Debug */,
				7A176C4618315B5B007C5957 /* Release */,
			);
			defaultConfigurationIsVisible = 0;
			defaultConfigurationName = Release;
		};
/* End XCConfigurationList section */
	};
	rootObject = 7A176C0418315B5B007C5957 /* Project object */;
}
